Microsoft Visual Studio Solution File, Format Version 10.00
# Visual Studio 2008
Project("{8BC9CEB8-8B4A-11D0-8D11-00A0C91BC942}") = "EasyBMP", "EasyBMP.vcproj", "{F3104640-BA20-4C9E-89FE-FCCA0595787B}"
EndProject
Global
	GlobalSection(SolutionConfigurationPlatforms) = preSolution
		Debug|Win32 = Debug|Win32
		Release|Win32 = Release|Win32
	EndGlobalSection
	GlobalSection(ProjectConfigurationPlatforms) = postSolution
		{F3104640-BA20-4C9E-89FE-FCCA0595787B}.Debug|Win32.ActiveCfg = Debug|Win32
		{F3104640-BA20-4C9E-89FE-FCCA0595787B}.Debug|Win32.Build.0 = Debug|Win32
		{F3104640-BA20-4C9E-89FE-FCCA0595787B}.Release|Win32.ActiveCfg = Release|Win32
		{F3104640-BA20-4C9E-89FE-FCCA0595787B}.Release|Win32.Build.0 = Release|Win32
	EndGlobalSection
	GlobalSection(SolutionProperties) = preSolution
		HideSolutionNode = FALSE
	EndGlobalSection
EndGlobal
