<?xml version="1.0" encoding="utf-8"?>
<Project ToolsVersion="4.0" xmlns="http://schemas.microsoft.com/developer/msbuild/2003">
  <ItemGroup>
    <Filter Include="Source Files">
      <UniqueIdentifier>{4FC737F1-C7A5-4376-A066-2A32D752A2FF}</UniqueIdentifier>
      <Extensions>cpp;c;cxx;def;odl;idl;hpj;bat;asm;asmx</Extensions>
    </Filter>
    <Filter Include="Header Files">
      <UniqueIdentifier>{93995380-89BD-4b04-88EB-625FBE52EBFB}</UniqueIdentifier>
      <Extensions>h;hpp;hxx;hm;inl;inc;xsd</Extensions>
    </Filter>
    <Filter Include="Resource Files">
      <UniqueIdentifier>{67DA6AB6-F800-4c08-8B7A-83BB121AAD01}</UniqueIdentifier>
      <Extensions>rc;ico;cur;bmp;dlg;rc2;rct;bin;rgs;gif;jpg;jpeg;jpe;resx</Extensions>
    </Filter>
  </ItemGroup>
  <ItemGroup>
    <ClCompile Include="src\SC_Aux.cpp">
      <Filter>Source Files</Filter>
    </ClCompile>
    <ClCompile Include="src\SC_BaggenstossEM.cpp">
      <Filter>Source Files</Filter>
    </ClCompile>
    <ClCompile Include="src\SC_BaggenstossEMex.cpp">
      <Filter>Source Files</Filter>
    </ClCompile>
    <ClCompile Include="src\SC_Centroid.cpp">
      <Filter>Source Files</Filter>
    </ClCompile>
    <ClCompile Include="src\SC_Centroid_Gaussian.cpp">
      <Filter>Source Files</Filter>
    </ClCompile>
    <ClCompile Include="src\SC_Centroid_Point.cpp">
      <Filter>Source Files</Filter>
    </ClCompile>
    <ClCompile Include="src\SC_Centroid_Signature.cpp">
      <Filter>Source Files</Filter>
    </ClCompile>
    <ClCompile Include="src\SC_Classifier.cpp">
      <Filter>Source Files</Filter>
    </ClCompile>
    <ClCompile Include="src\SC_Classifier_AdaBoost.cpp">
      <Filter>Source Files</Filter>
    </ClCompile>
    <ClCompile Include="src\SC_Classifier_DecisionStump.cpp">
      <Filter>Source Files</Filter>
    </ClCompile>
    <ClCompile Include="src\SC_Classifier_ML.cpp">
      <Filter>Source Files</Filter>
    </ClCompile>
    <ClCompile Include="src\SC_Classifier_SVM.cpp">
      <Filter>Source Files</Filter>
    </ClCompile>
    <ClCompile Include="src\SC_ClassifierHandler.cpp">
      <Filter>Source Files</Filter>
    </ClCompile>
    <ClCompile Include="src\SC_ClassifierTree.cpp">
      <Filter>Source Files</Filter>
    </ClCompile>
    <ClCompile Include="src\SC_ClassifierWithWeights.cpp">
      <Filter>Source Files</Filter>
    </ClCompile>
    <ClCompile Include="src\SC_Cluster.cpp">
      <Filter>Source Files</Filter>
    </ClCompile>
    <ClCompile Include="src\SC_Clusterer.cpp">
      <Filter>Source Files</Filter>
    </ClCompile>
    <ClCompile Include="src\SC_Conversion.cpp">
      <Filter>Source Files</Filter>
    </ClCompile>
    <ClCompile Include="src\SC_Corpus.cpp">
      <Filter>Source Files</Filter>
    </ClCompile>
    <ClCompile Include="src\SC_Corpus_MAC.cpp">
      <Filter>Source Files</Filter>
    </ClCompile>
    <ClCompile Include="src\SC_Corpus_MPEG7.cpp">
      <Filter>Source Files</Filter>
    </ClCompile>
    <ClCompile Include="src\SC_Corpus_SCiVo.cpp">
      <Filter>Source Files</Filter>
    </ClCompile>
    <ClCompile Include="src\SC_Corpus_TIMIT.cpp">
      <Filter>Source Files</Filter>
    </ClCompile>
    <ClCompile Include="src\SC_Corpus_Wesley.cpp">
      <Filter>Source Files</Filter>
    </ClCompile>
    <ClCompile Include="src\SC_DistanceMeasures.cpp">
      <Filter>Source Files</Filter>
    </ClCompile>
    <ClCompile Include="src\SC_EMD.cpp">
      <Filter>Source Files</Filter>
    </ClCompile>
    <ClCompile Include="src\SC_Enhancement.cpp">
      <Filter>Source Files</Filter>
    </ClCompile>
    <ClCompile Include="src\SC_Feature_BandPeriodicity.cpp">
      <Filter>Source Files</Filter>
    </ClCompile>
    <ClCompile Include="src\SC_Feature_BrightnessBandwidth.cpp">
      <Filter>Source Files</Filter>
    </ClCompile>
    <ClCompile Include="src\SC_Feature_FbE.cpp">
      <Filter>Source Files</Filter>
    </ClCompile>
    <ClCompile Include="src\SC_Feature_Formant.cpp">
      <Filter>Source Files</Filter>
    </ClCompile>
    <ClCompile Include="src\SC_Feature_LPC.cpp">
      <Filter>Source Files</Filter>
    </ClCompile>
    <ClCompile Include="src\SC_Feature_LPCresidual.cpp">
      <Filter>Source Files</Filter>
    </ClCompile>
    <ClCompile Include="src\SC_Feature_LSP.cpp">
      <Filter>Source Files</Filter>
    </ClCompile>
    <ClCompile Include="src\SC_Feature_MFCC.cpp">
      <Filter>Source Files</Filter>
    </ClCompile>
    <ClCompile Include="src\SC_Feature_NFR.cpp">
      <Filter>Source Files</Filter>
    </ClCompile>
    <ClCompile Include="src\SC_Feature_Pitch.cpp">
      <Filter>Source Files</Filter>
    </ClCompile>
    <ClCompile Include="src\SC_Feature_Samples.cpp">
      <Filter>Source Files</Filter>
    </ClCompile>
    <ClCompile Include="src\SC_Feature_SDP.cpp">
      <Filter>Source Files</Filter>
    </ClCompile>
    <ClCompile Include="src\SC_Feature_Spectrum.cpp">
      <Filter>Source Files</Filter>
    </ClCompile>
    <ClCompile Include="src\SC_Feature_SpectrumFlux.cpp">
      <Filter>Source Files</Filter>
    </ClCompile>
    <ClCompile Include="src\SC_Feature_STE.cpp">
      <Filter>Source Files</Filter>
    </ClCompile>
    <ClCompile Include="src\SC_Feature_SubBandPower.cpp">
      <Filter>Source Files</Filter>
    </ClCompile>
    <ClCompile Include="src\SC_Feature_ZCR.cpp">
      <Filter>Source Files</Filter>
    </ClCompile>
    <ClCompile Include="src\SC_FeatureHandler.cpp">
      <Filter>Source Files</Filter>
    </ClCompile>
    <ClCompile Include="src\SC_Gauss.cpp">
      <Filter>Source Files</Filter>
    </ClCompile>
    <ClCompile Include="src\SC_GroundTruth.cpp">
      <Filter>Source Files</Filter>
    </ClCompile>
    <ClCompile Include="src\SC_GroundTruth_MAC.cpp">
      <Filter>Source Files</Filter>
    </ClCompile>
    <ClCompile Include="src\SC_GroundTruth_MPEG7.cpp">
      <Filter>Source Files</Filter>
    </ClCompile>
    <ClCompile Include="src\SC_GroundTruth_SCiVo.cpp">
      <Filter>Source Files</Filter>
    </ClCompile>
    <ClCompile Include="src\SC_GroundTruth_TIMIT.cpp">
      <Filter>Source Files</Filter>
    </ClCompile>
    <ClCompile Include="src\SC_GroundTruth_Wesley.cpp">
      <Filter>Source Files</Filter>
    </ClCompile>
    <ClCompile Include="src\SC_HHT.cpp">
      <Filter>Source Files</Filter>
    </ClCompile>
    <ClCompile Include="src\SC_Ini.cpp">
      <Filter>Source Files</Filter>
    </ClCompile>
    <ClCompile Include="src\SC_JStreamReader.cpp">
      <Filter>Source Files</Filter>
    </ClCompile>
    <ClCompile Include="src\SC_LDA.cpp">
      <Filter>Source Files</Filter>
    </ClCompile>
    <ClCompile Include="src\SC_Lib.cpp">
      <Filter>Source Files</Filter>
    </ClCompile>
    <ClCompile Include="src\SC_MainTasks.cpp">
      <Filter>Source Files</Filter>
    </ClCompile>
    <ClCompile Include="src\SC_Matlab.cpp">
      <Filter>Source Files</Filter>
    </ClCompile>
    <ClCompile Include="src\SC_MatrixFunctions.cpp">
      <Filter>Source Files</Filter>
    </ClCompile>
    <ClCompile Include="src\SC_MD5.cpp">
      <Filter>Source Files</Filter>
    </ClCompile>
    <ClCompile Include="src\SC_MixtureModel.cpp">
      <Filter>Source Files</Filter>
    </ClCompile>
    <ClCompile Include="src\SC_MixtureModel_bGMM.cpp">
      <Filter>Source Files</Filter>
    </ClCompile>
    <ClCompile Include="src\SC_MixtureModel_GMM.cpp">
      <Filter>Source Files</Filter>
    </ClCompile>
    <ClCompile Include="src\SC_MixtureModel_GMM_UBM.cpp">
      <Filter>Source Files</Filter>
    </ClCompile>
    <ClCompile Include="src\SC_MixtureModel_MIX2MAX.cpp">
      <Filter>Source Files</Filter>
    </ClCompile>
    <ClCompile Include="src\SC_MixtureModel_MIX2MAXex.cpp">
      <Filter>Source Files</Filter>
    </ClCompile>
    <ClCompile Include="src\SC_MixtureModel_MIXMAX.cpp">
      <Filter>Source Files</Filter>
    </ClCompile>
    <ClCompile Include="src\SC_Model.cpp">
      <Filter>Source Files</Filter>
    </ClCompile>
    <ClCompile Include="src\SC_Model_FullGauss.cpp">
      <Filter>Source Files</Filter>
    </ClCompile>
    <ClCompile Include="src\SC_Model_HMM.cpp">
      <Filter>Source Files</Filter>
    </ClCompile>
    <ClCompile Include="src\SC_Model_MetaGMM.cpp">
      <Filter>Source Files</Filter>
    </ClCompile>
    <ClCompile Include="src\SC_Model_qGMM.cpp">
      <Filter>Source Files</Filter>
    </ClCompile>
    <ClCompile Include="src\SC_Model_SVM.cpp">
      <Filter>Source Files</Filter>
    </ClCompile>
    <ClCompile Include="src\SC_Model_Time.cpp">
      <Filter>Source Files</Filter>
    </ClCompile>
    <ClCompile Include="src\SC_Model_VQ.cpp">
      <Filter>Source Files</Filter>
    </ClCompile>
    <ClCompile Include="src\SC_ModelHandler.cpp">
      <Filter>Source Files</Filter>
    </ClCompile>
    <ClCompile Include="src\SC_Partition.cpp">
      <Filter>Source Files</Filter>
    </ClCompile>
    <ClCompile Include="src\SC_PDE.cpp">
      <Filter>Source Files</Filter>
    </ClCompile>
    <ClCompile Include="src\SC_Resampling.cpp">
      <Filter>Source Files</Filter>
    </ClCompile>
    <ClCompile Include="src\SC_Score.cpp">
      <Filter>Source Files</Filter>
    </ClCompile>
    <ClCompile Include="src\SC_Score_AudioTypeClassification.cpp">
      <Filter>Source Files</Filter>
    </ClCompile>
    <ClCompile Include="src\SC_Score_ChangeDetection.cpp">
      <Filter>Source Files</Filter>
    </ClCompile>
    <ClCompile Include="src\SC_Score_VUv.cpp">
      <Filter>Source Files</Filter>
    </ClCompile>
    <ClCompile Include="src\SC_SDP.cpp">
      <Filter>Source Files</Filter>
    </ClCompile>
    <ClCompile Include="src\SC_Segmentation_AudioType.cpp">
      <Filter>Source Files</Filter>
    </ClCompile>
    <ClCompile Include="src\SC_Segmentation_AudioType_LZL.cpp">
      <Filter>Source Files</Filter>
    </ClCompile>
    <ClCompile Include="src\SC_Segmentation_Changes.cpp">
      <Filter>Source Files</Filter>
    </ClCompile>
    <ClCompile Include="src\SC_Segmentation_Changes_KBK.cpp">
      <Filter>Source Files</Filter>
    </ClCompile>
    <ClCompile Include="src\SC_Segmentation_Changes_LZW.cpp">
      <Filter>Source Files</Filter>
    </ClCompile>
    <ClCompile Include="src\SC_Segmentation_Changes_Std.cpp">
      <Filter>Source Files</Filter>
    </ClCompile>
    <ClCompile Include="src\SC_Segmentation_Silence.cpp">
      <Filter>Source Files</Filter>
    </ClCompile>
    <ClCompile Include="src\SC_Segmentation_Silence_LNK.cpp">
      <Filter>Source Files</Filter>
    </ClCompile>
    <ClCompile Include="src\SC_Segmentation_Silence_LZL.cpp">
      <Filter>Source Files</Filter>
    </ClCompile>
    <ClCompile Include="src\SC_Segmentation_VUv.cpp">
      <Filter>Source Files</Filter>
    </ClCompile>
    <ClCompile Include="src\SC_Segmentation_VUv_ESPS.cpp">
      <Filter>Source Files</Filter>
    </ClCompile>
    <ClCompile Include="src\SC_Segmentation_VUv_LNK.cpp">
      <Filter>Source Files</Filter>
    </ClCompile>
    <ClCompile Include="src\SC_SegmentationHandler.cpp">
      <Filter>Source Files</Filter>
    </ClCompile>
    <ClCompile Include="src\SC_Signal.cpp">
      <Filter>Source Files</Filter>
    </ClCompile>
    <ClCompile Include="src\SC_Signal_jWAVE.cpp">
      <Filter>Source Files</Filter>
    </ClCompile>
    <ClCompile Include="src\SC_Signal_MPEG.cpp">
      <Filter>Source Files</Filter>
    </ClCompile>
    <ClCompile Include="src\SC_Signal_NIST.cpp">
      <Filter>Source Files</Filter>
    </ClCompile>
    <ClCompile Include="src\SC_Signal_WAVE.cpp">
      <Filter>Source Files</Filter>
    </ClCompile>
    <ClCompile Include="src\SC_SignalHandler.cpp">
      <Filter>Source Files</Filter>
    </ClCompile>
    <ClCompile Include="src\SC_Signature.cpp">
      <Filter>Source Files</Filter>
    </ClCompile>
    <ClCompile Include="src\SC_SpeakerClusterer.cpp">
      <Filter>Source Files</Filter>
    </ClCompile>
    <ClCompile Include="src\SC_SpeakerIdentificator.cpp">
      <Filter>Source Files</Filter>
    </ClCompile>
    <ClCompile Include="src\SC_SpeakerScore.cpp">
      <Filter>Source Files</Filter>
    </ClCompile>
    <ClCompile Include="src\SC_SpeakerScore_Classification.cpp">
      <Filter>Source Files</Filter>
    </ClCompile>
    <ClCompile Include="src\SC_SpeakerScore_Clustering.cpp">
      <Filter>Source Files</Filter>
    </ClCompile>
    <ClCompile Include="src\SC_SpeakerScore_Identification.cpp">
      <Filter>Source Files</Filter>
    </ClCompile>
    <ClCompile Include="src\SC_SVM.cpp">
      <Filter>Source Files</Filter>
    </ClCompile>
    <ClCompile Include="src\SC_Synthesis.cpp">
      <Filter>Source Files</Filter>
    </ClCompile>
    <ClCompile Include="src\SC_Timer.cpp">
      <Filter>Source Files</Filter>
    </ClCompile>
    <ClCompile Include="src\SC_Transform.cpp">
      <Filter>Source Files</Filter>
    </ClCompile>
    <ClCompile Include="src\SC_TweakableParameters.cpp">
      <Filter>Source Files</Filter>
    </ClCompile>
    <ClCompile Include="src\SC_Model_Pareto.cpp">
      <Filter>Source Files</Filter>
    </ClCompile>
  </ItemGroup>
  <ItemGroup>
    <ClInclude Include="src\SC_Api.h">
      <Filter>Header Files</Filter>
    </ClInclude>
    <ClInclude Include="src\SC_Aux.h">
      <Filter>Header Files</Filter>
    </ClInclude>
    <ClInclude Include="src\SC_BaggenstossEM.h">
      <Filter>Header Files</Filter>
    </ClInclude>
    <ClInclude Include="src\SC_BaggenstossEMex.h">
      <Filter>Header Files</Filter>
    </ClInclude>
    <ClInclude Include="src\SC_Centroid.h">
      <Filter>Header Files</Filter>
    </ClInclude>
    <ClInclude Include="src\SC_Centroid_Gaussian.h">
      <Filter>Header Files</Filter>
    </ClInclude>
    <ClInclude Include="src\SC_Centroid_Point.h">
      <Filter>Header Files</Filter>
    </ClInclude>
    <ClInclude Include="src\SC_Centroid_Signature.h">
      <Filter>Header Files</Filter>
    </ClInclude>
    <ClInclude Include="src\SC_Classifier.h">
      <Filter>Header Files</Filter>
    </ClInclude>
    <ClInclude Include="src\SC_Classifier_AdaBoost.h">
      <Filter>Header Files</Filter>
    </ClInclude>
    <ClInclude Include="src\SC_Classifier_DecisionStump.h">
      <Filter>Header Files</Filter>
    </ClInclude>
    <ClInclude Include="src\SC_Classifier_ML.h">
      <Filter>Header Files</Filter>
    </ClInclude>
    <ClInclude Include="src\SC_Classifier_SVM.h">
      <Filter>Header Files</Filter>
    </ClInclude>
    <ClInclude Include="src\SC_ClassifierHandler.h">
      <Filter>Header Files</Filter>
    </ClInclude>
    <ClInclude Include="src\SC_ClassifierTree.h">
      <Filter>Header Files</Filter>
    </ClInclude>
    <ClInclude Include="src\SC_ClassifierWithWeights.h">
      <Filter>Header Files</Filter>
    </ClInclude>
    <ClInclude Include="src\SC_Cluster.h">
      <Filter>Header Files</Filter>
    </ClInclude>
    <ClInclude Include="src\SC_Clusterer.h">
      <Filter>Header Files</Filter>
    </ClInclude>
    <ClInclude Include="src\SC_Conversion.h">
      <Filter>Header Files</Filter>
    </ClInclude>
    <ClInclude Include="src\SC_Corpus.h">
      <Filter>Header Files</Filter>
    </ClInclude>
    <ClInclude Include="src\SC_Corpus_MAC.h">
      <Filter>Header Files</Filter>
    </ClInclude>
    <ClInclude Include="src\SC_Corpus_MPEG7.h">
      <Filter>Header Files</Filter>
    </ClInclude>
    <ClInclude Include="src\SC_Corpus_SCiVo.h">
      <Filter>Header Files</Filter>
    </ClInclude>
    <ClInclude Include="src\SC_Corpus_TIMIT.h">
      <Filter>Header Files</Filter>
    </ClInclude>
    <ClInclude Include="src\SC_Corpus_Wesley.h">
      <Filter>Header Files</Filter>
    </ClInclude>
    <ClInclude Include="src\SC_DistanceMeasures.h">
      <Filter>Header Files</Filter>
    </ClInclude>
    <ClInclude Include="src\SC_EMD.h">
      <Filter>Header Files</Filter>
    </ClInclude>
    <ClInclude Include="src\SC_Enhancement.h">
      <Filter>Header Files</Filter>
    </ClInclude>
    <ClInclude Include="src\SC_Feature_BandPeriodicity.h">
      <Filter>Header Files</Filter>
    </ClInclude>
    <ClInclude Include="src\SC_Feature_BrightnessBandwidth.h">
      <Filter>Header Files</Filter>
    </ClInclude>
    <ClInclude Include="src\SC_Feature_FbE.h">
      <Filter>Header Files</Filter>
    </ClInclude>
    <ClInclude Include="src\SC_Feature_Formant.h">
      <Filter>Header Files</Filter>
    </ClInclude>
    <ClInclude Include="src\SC_Feature_LPC.h">
      <Filter>Header Files</Filter>
    </ClInclude>
    <ClInclude Include="src\SC_Feature_LPCresidual.h">
      <Filter>Header Files</Filter>
    </ClInclude>
    <ClInclude Include="src\SC_Feature_LSP.h">
      <Filter>Header Files</Filter>
    </ClInclude>
    <ClInclude Include="src\SC_Feature_MFCC.h">
      <Filter>Header Files</Filter>
    </ClInclude>
    <ClInclude Include="src\SC_Feature_NFR.h">
      <Filter>Header Files</Filter>
    </ClInclude>
    <ClInclude Include="src\SC_Feature_Pitch.h">
      <Filter>Header Files</Filter>
    </ClInclude>
    <ClInclude Include="src\SC_Feature_Samples.h">
      <Filter>Header Files</Filter>
    </ClInclude>
    <ClInclude Include="src\SC_Feature_SDP.h">
      <Filter>Header Files</Filter>
    </ClInclude>
    <ClInclude Include="src\SC_Feature_Spectrum.h">
      <Filter>Header Files</Filter>
    </ClInclude>
    <ClInclude Include="src\SC_Feature_SpectrumFlux.h">
      <Filter>Header Files</Filter>
    </ClInclude>
    <ClInclude Include="src\SC_Feature_STE.h">
      <Filter>Header Files</Filter>
    </ClInclude>
    <ClInclude Include="src\SC_Feature_SubBandPower.h">
      <Filter>Header Files</Filter>
    </ClInclude>
    <ClInclude Include="src\SC_Feature_ZCR.h">
      <Filter>Header Files</Filter>
    </ClInclude>
    <ClInclude Include="src\SC_FeatureHandler.h">
      <Filter>Header Files</Filter>
    </ClInclude>
    <ClInclude Include="src\SC_Gauss.h">
      <Filter>Header Files</Filter>
    </ClInclude>
    <ClInclude Include="src\SC_GroundTruth.h">
      <Filter>Header Files</Filter>
    </ClInclude>
    <ClInclude Include="src\SC_GroundTruth_MAC.h">
      <Filter>Header Files</Filter>
    </ClInclude>
    <ClInclude Include="src\SC_GroundTruth_MPEG7.h">
      <Filter>Header Files</Filter>
    </ClInclude>
    <ClInclude Include="src\SC_GroundTruth_SCiVo.h">
      <Filter>Header Files</Filter>
    </ClInclude>
    <ClInclude Include="src\SC_GroundTruth_TIMIT.h">
      <Filter>Header Files</Filter>
    </ClInclude>
    <ClInclude Include="src\SC_GroundTruth_Wesley.h">
      <Filter>Header Files</Filter>
    </ClInclude>
    <ClInclude Include="src\SC_HHT.h">
      <Filter>Header Files</Filter>
    </ClInclude>
    <ClInclude Include="src\SC_Ini.h">
      <Filter>Header Files</Filter>
    </ClInclude>
    <ClInclude Include="src\SC_JStreamReader.h">
      <Filter>Header Files</Filter>
    </ClInclude>
    <ClInclude Include="src\SC_LDA.h">
      <Filter>Header Files</Filter>
    </ClInclude>
    <ClInclude Include="src\SC_Lib.h">
      <Filter>Header Files</Filter>
    </ClInclude>
    <ClInclude Include="src\SC_MainTasks.h">
      <Filter>Header Files</Filter>
    </ClInclude>
    <ClInclude Include="src\SC_Matlab.h">
      <Filter>Header Files</Filter>
    </ClInclude>
    <ClInclude Include="src\SC_MatrixFunctions.h">
      <Filter>Header Files</Filter>
    </ClInclude>
    <ClInclude Include="src\SC_MD5.h">
      <Filter>Header Files</Filter>
    </ClInclude>
    <ClInclude Include="src\SC_MixtureModel.h">
      <Filter>Header Files</Filter>
    </ClInclude>
    <ClInclude Include="src\SC_MixtureModel_bGMM.h">
      <Filter>Header Files</Filter>
    </ClInclude>
    <ClInclude Include="src\SC_MixtureModel_GMM.h">
      <Filter>Header Files</Filter>
    </ClInclude>
    <ClInclude Include="src\SC_MixtureModel_GMM_UBM.h">
      <Filter>Header Files</Filter>
    </ClInclude>
    <ClInclude Include="src\SC_MixtureModel_MIX2MAX.h">
      <Filter>Header Files</Filter>
    </ClInclude>
    <ClInclude Include="src\SC_MixtureModel_MIX2MAXex.h">
      <Filter>Header Files</Filter>
    </ClInclude>
    <ClInclude Include="src\SC_MixtureModel_MIXMAX.h">
      <Filter>Header Files</Filter>
    </ClInclude>
    <ClInclude Include="src\SC_Model.h">
      <Filter>Header Files</Filter>
    </ClInclude>
    <ClInclude Include="src\SC_Model_FullGauss.h">
      <Filter>Header Files</Filter>
    </ClInclude>
    <ClInclude Include="src\SC_Model_HMM.h">
      <Filter>Header Files</Filter>
    </ClInclude>
    <ClInclude Include="src\SC_Model_MetaGMM.h">
      <Filter>Header Files</Filter>
    </ClInclude>
    <ClInclude Include="src\SC_Model_qGMM.h">
      <Filter>Header Files</Filter>
    </ClInclude>
    <ClInclude Include="src\SC_Model_SVM.h">
      <Filter>Header Files</Filter>
    </ClInclude>
    <ClInclude Include="src\SC_Model_Time.h">
      <Filter>Header Files</Filter>
    </ClInclude>
    <ClInclude Include="src\SC_Model_VQ.h">
      <Filter>Header Files</Filter>
    </ClInclude>
    <ClInclude Include="src\SC_ModelHandler.h">
      <Filter>Header Files</Filter>
    </ClInclude>
    <ClInclude Include="src\SC_Partition.h">
      <Filter>Header Files</Filter>
    </ClInclude>
    <ClInclude Include="src\SC_PDE.h">
      <Filter>Header Files</Filter>
    </ClInclude>
    <ClInclude Include="src\SC_Resampling.h">
      <Filter>Header Files</Filter>
    </ClInclude>
    <ClInclude Include="src\SC_Score.h">
      <Filter>Header Files</Filter>
    </ClInclude>
    <ClInclude Include="src\SC_Score_AudioTypeClassification.h">
      <Filter>Header Files</Filter>
    </ClInclude>
    <ClInclude Include="src\SC_Score_ChangeDetection.h">
      <Filter>Header Files</Filter>
    </ClInclude>
    <ClInclude Include="src\SC_Score_VUv.h">
      <Filter>Header Files</Filter>
    </ClInclude>
    <ClInclude Include="src\SC_SDP.h">
      <Filter>Header Files</Filter>
    </ClInclude>
    <ClInclude Include="src\SC_Segmentation_AudioType.h">
      <Filter>Header Files</Filter>
    </ClInclude>
    <ClInclude Include="src\SC_Segmentation_AudioType_LZL.h">
      <Filter>Header Files</Filter>
    </ClInclude>
    <ClInclude Include="src\SC_Segmentation_Changes.h">
      <Filter>Header Files</Filter>
    </ClInclude>
    <ClInclude Include="src\SC_Segmentation_Changes_KBK.h">
      <Filter>Header Files</Filter>
    </ClInclude>
    <ClInclude Include="src\SC_Segmentation_Changes_LZW.h">
      <Filter>Header Files</Filter>
    </ClInclude>
    <ClInclude Include="src\SC_Segmentation_Changes_Std.h">
      <Filter>Header Files</Filter>
    </ClInclude>
    <ClInclude Include="src\SC_Segmentation_Silence.h">
      <Filter>Header Files</Filter>
    </ClInclude>
    <ClInclude Include="src\SC_Segmentation_Silence_LNK.h">
      <Filter>Header Files</Filter>
    </ClInclude>
    <ClInclude Include="src\SC_Segmentation_Silence_LZL.h">
      <Filter>Header Files</Filter>
    </ClInclude>
    <ClInclude Include="src\SC_Segmentation_VUv.h">
      <Filter>Header Files</Filter>
    </ClInclude>
    <ClInclude Include="src\SC_Segmentation_VUv_ESPS.h">
      <Filter>Header Files</Filter>
    </ClInclude>
    <ClInclude Include="src\SC_Segmentation_VUv_LNK.h">
      <Filter>Header Files</Filter>
    </ClInclude>
    <ClInclude Include="src\SC_SegmentationHandler.h">
      <Filter>Header Files</Filter>
    </ClInclude>
    <ClInclude Include="src\SC_Signal.h">
      <Filter>Header Files</Filter>
    </ClInclude>
    <ClInclude Include="src\SC_Signal_jWAVE.h">
      <Filter>Header Files</Filter>
    </ClInclude>
    <ClInclude Include="src\SC_Signal_MPEG.h">
      <Filter>Header Files</Filter>
    </ClInclude>
    <ClInclude Include="src\SC_Signal_NIST.h">
      <Filter>Header Files</Filter>
    </ClInclude>
    <ClInclude Include="src\SC_Signal_WAVE.h">
      <Filter>Header Files</Filter>
    </ClInclude>
    <ClInclude Include="src\SC_SignalHandler.h">
      <Filter>Header Files</Filter>
    </ClInclude>
    <ClInclude Include="src\SC_Signature.h">
      <Filter>Header Files</Filter>
    </ClInclude>
    <ClInclude Include="src\SC_SpeakerClusterer.h">
      <Filter>Header Files</Filter>
    </ClInclude>
    <ClInclude Include="src\SC_SpeakerIdentificator.h">
      <Filter>Header Files</Filter>
    </ClInclude>
    <ClInclude Include="src\SC_SpeakerScore.h">
      <Filter>Header Files</Filter>
    </ClInclude>
    <ClInclude Include="src\SC_SpeakerScore_Classification.h">
      <Filter>Header Files</Filter>
    </ClInclude>
    <ClInclude Include="src\SC_SpeakerScore_Clustering.h">
      <Filter>Header Files</Filter>
    </ClInclude>
    <ClInclude Include="src\SC_SpeakerScore_Identification.h">
      <Filter>Header Files</Filter>
    </ClInclude>
    <ClInclude Include="src\SC_SVM.h">
      <Filter>Header Files</Filter>
    </ClInclude>
    <ClInclude Include="src\SC_Synthesis.h">
      <Filter>Header Files</Filter>
    </ClInclude>
    <ClInclude Include="src\SC_Timer.h">
      <Filter>Header Files</Filter>
    </ClInclude>
    <ClInclude Include="src\SC_Transform.h">
      <Filter>Header Files</Filter>
    </ClInclude>
    <ClInclude Include="src\SC_TweakableParameters.h">
      <Filter>Header Files</Filter>
    </ClInclude>
    <ClInclude Include="src\SC_Model_Pareto.h">
      <Filter>Header Files</Filter>
    </ClInclude>
  </ItemGroup>
</Project>